
Microsoft Visual Studio Solution File, Format Version 12.00
# Visual Studio Version 17
VisualStudioVersion = 17.14.36202.13
MinimumVisualStudioVersion = 10.0.40219.1
Project("{2150E333-8FDC-42A3-9474-1A3956D46DE8}") = "src", "src", "{02EA681E-C7D8-13C7-8484-4AC65E1B71E8}"
EndProject
Project("{FAE04EC0-301F-11D3-BF4B-00C04F79EFBC}") = "SmartInventoryPredictor.API", "src\SmartInventoryPredictor.API\SmartInventoryPredictor.API.csproj", "{21E70B02-F412-40CD-A3C4-8BBF9AF6E703}"
EndProject
Project("{FAE04EC0-301F-11D3-BF4B-00C04F79EFBC}") = "SmartInventoryPredictor.Client", "src\SmartInventoryPredictor.Client\SmartInventoryPredictor.Client.csproj", "{4B770A98-4010-4E25-B6BC-4BB14966EE0B}"
EndProject
Global
	GlobalSection(SolutionConfigurationPlatforms) = preSolution
		Debug|Any CPU = Debug|Any CPU
		Release|Any CPU = Release|Any CPU
	EndGlobalSection
	GlobalSection(ProjectConfigurationPlatforms) = postSolution
		{21E70B02-F412-40CD-A3C4-8BBF9AF6E703}.Debug|Any CPU.ActiveCfg = Debug|Any CPU
		{21E70B02-F412-40CD-A3C4-8BBF9AF6E703}.Debug|Any CPU.Build.0 = Debug|Any CPU
		{21E70B02-F412-40CD-A3C4-8BBF9AF6E703}.Release|Any CPU.ActiveCfg = Release|Any CPU
		{21E70B02-F412-40CD-A3C4-8BBF9AF6E703}.Release|Any CPU.Build.0 = Release|Any CPU
		{4B770A98-4010-4E25-B6BC-4BB14966EE0B}.Debug|Any CPU.ActiveCfg = Debug|Any CPU
		{4B770A98-4010-4E25-B6BC-4BB14966EE0B}.Debug|Any CPU.Build.0 = Debug|Any CPU
		{4B770A98-4010-4E25-B6BC-4BB14966EE0B}.Release|Any CPU.ActiveCfg = Release|Any CPU
		{4B770A98-4010-4E25-B6BC-4BB14966EE0B}.Release|Any CPU.Build.0 = Release|Any CPU
	EndGlobalSection
	GlobalSection(SolutionProperties) = preSolution
		HideSolutionNode = FALSE
	EndGlobalSection
	GlobalSection(NestedProjects) = preSolution
		{21E70B02-F412-40CD-A3C4-8BBF9AF6E703} = {02EA681E-C7D8-13C7-8484-4AC65E1B71E8}
		{4B770A98-4010-4E25-B6BC-4BB14966EE0B} = {02EA681E-C7D8-13C7-8484-4AC65E1B71E8}
	EndGlobalSection
	GlobalSection(ExtensibilityGlobals) = postSolution
		SolutionGuid = {72D6A5DE-DE09-4808-891D-5909DF21E006}
	EndGlobalSection
EndGlobal
